// !$*UTF8*$!
{
	archiveVersion = 1;
	classes = {
	};
	objectVersion = 55;
	objects = {

/* Begin PBXBuildFile section */
		79318CB4287E539A003B27D9 /* AppDelegate.swift in Sources */ = {isa = PBXBuildFile; fileRef = 79318CB3287E539A003B27D9 /* AppDelegate.swift */; };
		79318CB6287E539A003B27D9 /* SceneDelegate.swift in Sources */ = {isa = PBXBuildFile; fileRef = 79318CB5287E539A003B27D9 /* SceneDelegate.swift */; };
		79318CB8287E539A003B27D9 /* ViewController.swift in Sources */ = {isa = PBXBuildFile; fileRef = 79318CB7287E539A003B27D9 /* ViewController.swift */; };
		79318CBB287E539A003B27D9 /* Main.storyboard in Resources */ = {isa = PBXBuildFile; fileRef = 79318CB9287E539A003B27D9 /* Main.storyboard */; };
		79318CBD287E539B003B27D9 /* Assets.xcassets in Resources */ = {isa = PBXBuildFile; fileRef = 79318CBC287E539B003B27D9 /* Assets.xcassets */; };
		79318CC0287E539B003B27D9 /* LaunchScreen.storyboard in Resources */ = {isa = PBXBuildFile; fileRef = 79318CBE287E539B003B27D9 /* LaunchScreen.storyboard */; };
		7934B4EA2880207800CF38E9 /* View+Extension.swift in Sources */ = {isa = PBXBuildFile; fileRef = 7934B4E92880207800CF38E9 /* View+Extension.swift */; };
		7934B4EC2880210D00CF38E9 /* Constants.swift in Sources */ = {isa = PBXBuildFile; fileRef = 7934B4EB2880210D00CF38E9 /* Constants.swift */; };
		79FDFA9A2884E689006A03CB /* .swiftlint.yml in Resources */ = {isa = PBXBuildFile; fileRef = 79FDFA992884E689006A03CB /* .swiftlint.yml */; };
		DF50569B288924EA00E6F8AA /* WordDetailViewController.swift in Sources */ = {isa = PBXBuildFile; fileRef = DF50569A288924EA00E6F8AA /* WordDetailViewController.swift */; };
		DF50569D288924F600E6F8AA /* WordDescriptionView.swift in Sources */ = {isa = PBXBuildFile; fileRef = DF50569C288924F600E6F8AA /* WordDescriptionView.swift */; };
/* End PBXBuildFile section */

/* Begin PBXFileReference section */
		79318CB0287E539A003B27D9 /* KBoard.app */ = {isa = PBXFileReference; explicitFileType = wrapper.application; includeInIndex = 0; path = KBoard.app; sourceTree = BUILT_PRODUCTS_DIR; };
		79318CB3287E539A003B27D9 /* AppDelegate.swift */ = {isa = PBXFileReference; lastKnownFileType = sourcecode.swift; path = AppDelegate.swift; sourceTree = "<group>"; };
		79318CB5287E539A003B27D9 /* SceneDelegate.swift */ = {isa = PBXFileReference; lastKnownFileType = sourcecode.swift; path = SceneDelegate.swift; sourceTree = "<group>"; };
		79318CB7287E539A003B27D9 /* ViewController.swift */ = {isa = PBXFileReference; lastKnownFileType = sourcecode.swift; path = ViewController.swift; sourceTree = "<group>"; };
		79318CBA287E539A003B27D9 /* Base */ = {isa = PBXFileReference; lastKnownFileType = file.storyboard; name = Base; path = Base.lproj/Main.storyboard; sourceTree = "<group>"; };
		79318CBC287E539B003B27D9 /* Assets.xcassets */ = {isa = PBXFileReference; lastKnownFileType = folder.assetcatalog; path = Assets.xcassets; sourceTree = "<group>"; };
		79318CBF287E539B003B27D9 /* Base */ = {isa = PBXFileReference; lastKnownFileType = file.storyboard; name = Base; path = Base.lproj/LaunchScreen.storyboard; sourceTree = "<group>"; };
		79318CC1287E539B003B27D9 /* Info.plist */ = {isa = PBXFileReference; lastKnownFileType = text.plist.xml; path = Info.plist; sourceTree = "<group>"; };
		7934B4E92880207800CF38E9 /* View+Extension.swift */ = {isa = PBXFileReference; lastKnownFileType = sourcecode.swift; path = "View+Extension.swift"; sourceTree = "<group>"; };
		7934B4EB2880210D00CF38E9 /* Constants.swift */ = {isa = PBXFileReference; lastKnownFileType = sourcecode.swift; path = Constants.swift; sourceTree = "<group>"; };
		79FDFA992884E689006A03CB /* .swiftlint.yml */ = {isa = PBXFileReference; lastKnownFileType = text.yaml; path = .swiftlint.yml; sourceTree = "<group>"; };
		DF50569A288924EA00E6F8AA /* WordDetailViewController.swift */ = {isa = PBXFileReference; fileEncoding = 4; lastKnownFileType = sourcecode.swift; path = WordDetailViewController.swift; sourceTree = "<group>"; };
		DF50569C288924F600E6F8AA /* WordDescriptionView.swift */ = {isa = PBXFileReference; fileEncoding = 4; lastKnownFileType = sourcecode.swift; path = WordDescriptionView.swift; sourceTree = "<group>"; };
/* End PBXFileReference section */

/* Begin PBXFrameworksBuildPhase section */
		79318CAD287E539A003B27D9 /* Frameworks */ = {
			isa = PBXFrameworksBuildPhase;
			buildActionMask = 2147483647;
			files = (
			);
			runOnlyForDeploymentPostprocessing = 0;
		};
/* End PBXFrameworksBuildPhase section */

/* Begin PBXGroup section */
		79318CA7287E539A003B27D9 = {
			isa = PBXGroup;
			children = (
				79318CB2287E539A003B27D9 /* KBoard */,
				79318CB1287E539A003B27D9 /* Products */,
			);
			sourceTree = "<group>";
		};
		79318CB1287E539A003B27D9 /* Products */ = {
			isa = PBXGroup;
			children = (
				79318CB0287E539A003B27D9 /* KBoard.app */,
			);
			name = Products;
			sourceTree = "<group>";
		};
		79318CB2287E539A003B27D9 /* KBoard */ = {
			isa = PBXGroup;
			children = (
				79318CC1287E539B003B27D9 /* Info.plist */,
				79F801FD28801CDB00D3A172 /* SupportFiles */,
				79F801FC28801CAD00D3A172 /* Utils */,
				79F801FB28801C5A00D3A172 /* Service */,
				79F801F728801C5400D3A172 /* ViewModel */,
				79F801FA28801C5900D3A172 /* View */,
				79F801F928801C5800D3A172 /* Controller */,
				79F801F628801C4F00D3A172 /* Model */,
				79FDFA992884E689006A03CB /* .swiftlint.yml */,
			);
			path = KBoard;
			sourceTree = "<group>";
		};
		7934B4E82880205300CF38E9 /* Extension */ = {
			isa = PBXGroup;
			children = (
				7934B4E92880207800CF38E9 /* View+Extension.swift */,
			);
			path = Extension;
			sourceTree = "<group>";
		};
		79F801F628801C4F00D3A172 /* Model */ = {
			isa = PBXGroup;
			children = (
			);
			path = Model;
			sourceTree = "<group>";
		};
		79F801F728801C5400D3A172 /* ViewModel */ = {
			isa = PBXGroup;
			children = (
			);
			path = ViewModel;
			sourceTree = "<group>";
		};
		79F801F928801C5800D3A172 /* Controller */ = {
			isa = PBXGroup;
			children = (
				79318CB7287E539A003B27D9 /* ViewController.swift */,
				DF50569A288924EA00E6F8AA /* WordDetailViewController.swift */,
			);
			path = Controller;
			sourceTree = "<group>";
		};
		79F801FA28801C5900D3A172 /* View */ = {
			isa = PBXGroup;
			children = (
				DF50569E2889252100E6F8AA /* WordDetailViewUIComponent */,
			);
			path = View;
			sourceTree = "<group>";
		};
		79F801FB28801C5A00D3A172 /* Service */ = {
			isa = PBXGroup;
			children = (
			);
			path = Service;
			sourceTree = "<group>";
		};
		79F801FC28801CAD00D3A172 /* Utils */ = {
			isa = PBXGroup;
			children = (
				7934B4E82880205300CF38E9 /* Extension */,
				7934B4EB2880210D00CF38E9 /* Constants.swift */,
			);
			path = Utils;
			sourceTree = "<group>";
		};
		79F801FD28801CDB00D3A172 /* SupportFiles */ = {
			isa = PBXGroup;
			children = (
				79318CB3287E539A003B27D9 /* AppDelegate.swift */,
				79318CB5287E539A003B27D9 /* SceneDelegate.swift */,
				79318CB9287E539A003B27D9 /* Main.storyboard */,
				79318CBC287E539B003B27D9 /* Assets.xcassets */,
				79318CBE287E539B003B27D9 /* LaunchScreen.storyboard */,
			);
			path = SupportFiles;
			sourceTree = "<group>";
		};
		DF50569E2889252100E6F8AA /* WordDetailViewUIComponent */ = {
			isa = PBXGroup;
			children = (
				DF50569C288924F600E6F8AA /* WordDescriptionView.swift */,
			);
			path = WordDetailViewUIComponent;
			sourceTree = "<group>";
		};
/* End PBXGroup section */

/* Begin PBXNativeTarget section */
		79318CAF287E539A003B27D9 /* KBoard */ = {
			isa = PBXNativeTarget;
			buildConfigurationList = 79318CC4287E539B003B27D9 /* Build configuration list for PBXNativeTarget "KBoard" */;
			buildPhases = (
				79318CAC287E539A003B27D9 /* Sources */,
				79318CAD287E539A003B27D9 /* Frameworks */,
				79318CAE287E539A003B27D9 /* Resources */,
				79A36C8C2884DDFD00F528D3 /* SwiftLint Script */,
			);
			buildRules = (
			);
			dependencies = (
			);
			name = KBoard;
			productName = KBoard;
			productReference = 79318CB0287E539A003B27D9 /* KBoard.app */;
			productType = "com.apple.product-type.application";
		};
/* End PBXNativeTarget section */

/* Begin PBXProject section */
		79318CA8287E539A003B27D9 /* Project object */ = {
			isa = PBXProject;
			attributes = {
				BuildIndependentTargetsInParallel = 1;
				LastSwiftUpdateCheck = 1330;
				LastUpgradeCheck = 1330;
				TargetAttributes = {
					79318CAF287E539A003B27D9 = {
						CreatedOnToolsVersion = 13.3.1;
					};
				};
			};
			buildConfigurationList = 79318CAB287E539A003B27D9 /* Build configuration list for PBXProject "KBoard" */;
			compatibilityVersion = "Xcode 13.0";
			developmentRegion = en;
			hasScannedForEncodings = 0;
			knownRegions = (
				en,
				Base,
			);
			mainGroup = 79318CA7287E539A003B27D9;
			productRefGroup = 79318CB1287E539A003B27D9 /* Products */;
			projectDirPath = "";
			projectRoot = "";
			targets = (
				79318CAF287E539A003B27D9 /* KBoard */,
			);
		};
/* End PBXProject section */

/* Begin PBXResourcesBuildPhase section */
		79318CAE287E539A003B27D9 /* Resources */ = {
			isa = PBXResourcesBuildPhase;
			buildActionMask = 2147483647;
			files = (
				79FDFA9A2884E689006A03CB /* .swiftlint.yml in Resources */,
				79318CC0287E539B003B27D9 /* LaunchScreen.storyboard in Resources */,
				79318CBD287E539B003B27D9 /* Assets.xcassets in Resources */,
				79318CBB287E539A003B27D9 /* Main.storyboard in Resources */,
			);
			runOnlyForDeploymentPostprocessing = 0;
		};
/* End PBXResourcesBuildPhase section */

/* Begin PBXShellScriptBuildPhase section */
		79A36C8C2884DDFD00F528D3 /* SwiftLint Script */ = {
			isa = PBXShellScriptBuildPhase;
			buildActionMask = 2147483647;
			files = (
			);
			inputFileListPaths = (
			);
			inputPaths = (
			);
			name = "SwiftLint Script";
			outputFileListPaths = (
			);
			outputPaths = (
			);
			runOnlyForDeploymentPostprocessing = 0;
			shellPath = /bin/sh;
			shellScript = "export PATH=\"$PATH:/opt/homebrew/bin\"\n\nif which swiftlint; then\n    swiftlint autocorrect && swiftlint\nelse\n  echo \"warning: SwiftLint not installed, download from https://github.com/realm/SwiftLint\"\nfi\n";
		};
/* End PBXShellScriptBuildPhase section */

/* Begin PBXSourcesBuildPhase section */
		79318CAC287E539A003B27D9 /* Sources */ = {
			isa = PBXSourcesBuildPhase;
			buildActionMask = 2147483647;
			files = (
				7934B4EC2880210D00CF38E9 /* Constants.swift in Sources */,
				79318CB8287E539A003B27D9 /* ViewController.swift in Sources */,
				79318CB4287E539A003B27D9 /* AppDelegate.swift in Sources */,
				7934B4EA2880207800CF38E9 /* View+Extension.swift in Sources */,
				79318CB6287E539A003B27D9 /* SceneDelegate.swift in Sources */,
				DF50569D288924F600E6F8AA /* WordDescriptionView.swift in Sources */,
				DF50569B288924EA00E6F8AA /* WordDetailViewController.swift in Sources */,
			);
			runOnlyForDeploymentPostprocessing = 0;
		};
/* End PBXSourcesBuildPhase section */

/* Begin PBXVariantGroup section */
		79318CB9287E539A003B27D9 /* Main.storyboard */ = {
			isa = PBXVariantGroup;
			children = (
				79318CBA287E539A003B27D9 /* Base */,
			);
			name = Main.storyboard;
			sourceTree = "<group>";
		};
		79318CBE287E539B003B27D9 /* LaunchScreen.storyboard */ = {
			isa = PBXVariantGroup;
			children = (
				79318CBF287E539B003B27D9 /* Base */,
			);
			name = LaunchScreen.storyboard;
			sourceTree = "<group>";
		};
/* End PBXVariantGroup section */

/* Begin XCBuildConfiguration section */
		79318CC2287E539B003B27D9 /* Debug */ = {
			isa = XCBuildConfiguration;
			buildSettings = {
				ALWAYS_SEARCH_USER_PATHS = NO;
				CLANG_ANALYZER_NONNULL = YES;
				CLANG_ANALYZER_NUMBER_OBJECT_CONVERSION = YES_AGGRESSIVE;
				CLANG_CXX_LANGUAGE_STANDARD = "gnu++17";
				CLANG_ENABLE_MODULES = YES;
				CLANG_ENABLE_OBJC_ARC = YES;
				CLANG_ENABLE_OBJC_WEAK = YES;
				CLANG_WARN_BLOCK_CAPTURE_AUTORELEASING = YES;
				CLANG_WARN_BOOL_CONVERSION = YES;
				CLANG_WARN_COMMA = YES;
				CLANG_WARN_CONSTANT_CONVERSION = YES;
				CLANG_WARN_DEPRECATED_OBJC_IMPLEMENTATIONS = YES;
				CLANG_WARN_DIRECT_OBJC_ISA_USAGE = YES_ERROR;
				CLANG_WARN_DOCUMENTATION_COMMENTS = YES;
				CLANG_WARN_EMPTY_BODY = YES;
				CLANG_WARN_ENUM_CONVERSION = YES;
				CLANG_WARN_INFINITE_RECURSION = YES;
				CLANG_WARN_INT_CONVERSION = YES;
				CLANG_WARN_NON_LITERAL_NULL_CONVERSION = YES;
				CLANG_WARN_OBJC_IMPLICIT_RETAIN_SELF = YES;
				CLANG_WARN_OBJC_LITERAL_CONVERSION = YES;
				CLANG_WARN_OBJC_ROOT_CLASS = YES_ERROR;
				CLANG_WARN_QUOTED_INCLUDE_IN_FRAMEWORK_HEADER = YES;
				CLANG_WARN_RANGE_LOOP_ANALYSIS = YES;
				CLANG_WARN_STRICT_PROTOTYPES = YES;
				CLANG_WARN_SUSPICIOUS_MOVE = YES;
				CLANG_WARN_UNGUARDED_AVAILABILITY = YES_AGGRESSIVE;
				CLANG_WARN_UNREACHABLE_CODE = YES;
				CLANG_WARN__DUPLICATE_METHOD_MATCH = YES;
				COPY_PHASE_STRIP = NO;
				DEBUG_INFORMATION_FORMAT = dwarf;
				ENABLE_STRICT_OBJC_MSGSEND = YES;
				ENABLE_TESTABILITY = YES;
				GCC_C_LANGUAGE_STANDARD = gnu11;
				GCC_DYNAMIC_NO_PIC = NO;
				GCC_NO_COMMON_BLOCKS = YES;
				GCC_OPTIMIZATION_LEVEL = 0;
				GCC_PREPROCESSOR_DEFINITIONS = (
					"DEBUG=1",
					"$(inherited)",
				);
				GCC_WARN_64_TO_32_BIT_CONVERSION = YES;
				GCC_WARN_ABOUT_RETURN_TYPE = YES_ERROR;
				GCC_WARN_UNDECLARED_SELECTOR = YES;
				GCC_WARN_UNINITIALIZED_AUTOS = YES_AGGRESSIVE;
				GCC_WARN_UNUSED_FUNCTION = YES;
				GCC_WARN_UNUSED_VARIABLE = YES;
				IPHONEOS_DEPLOYMENT_TARGET = 15.4;
				MTL_ENABLE_DEBUG_INFO = INCLUDE_SOURCE;
				MTL_FAST_MATH = YES;
				ONLY_ACTIVE_ARCH = YES;
				SDKROOT = iphoneos;
				SWIFT_ACTIVE_COMPILATION_CONDITIONS = DEBUG;
				SWIFT_OPTIMIZATION_LEVEL = "-Onone";
			};
			name = Debug;
		};
		79318CC3287E539B003B27D9 /* Release */ = {
			isa = XCBuildConfiguration;
			buildSettings = {
				ALWAYS_SEARCH_USER_PATHS = NO;
				CLANG_ANALYZER_NONNULL = YES;
				CLANG_ANALYZER_NUMBER_OBJECT_CONVERSION = YES_AGGRESSIVE;
				CLANG_CXX_LANGUAGE_STANDARD = "gnu++17";
				CLANG_ENABLE_MODULES = YES;
				CLANG_ENABLE_OBJC_ARC = YES;
				CLANG_ENABLE_OBJC_WEAK = YES;
				CLANG_WARN_BLOCK_CAPTURE_AUTORELEASING = YES;
				CLANG_WARN_BOOL_CONVERSION = YES;
				CLANG_WARN_COMMA = YES;
				CLANG_WARN_CONSTANT_CONVERSION = YES;
				CLANG_WARN_DEPRECATED_OBJC_IMPLEMENTATIONS = YES;
				CLANG_WARN_DIRECT_OBJC_ISA_USAGE = YES_ERROR;
				CLANG_WARN_DOCUMENTATION_COMMENTS = YES;
				CLANG_WARN_EMPTY_BODY = YES;
				CLANG_WARN_ENUM_CONVERSION = YES;
				CLANG_WARN_INFINITE_RECURSION = YES;
				CLANG_WARN_INT_CONVERSION = YES;
				CLANG_WARN_NON_LITERAL_NULL_CONVERSION = YES;
				CLANG_WARN_OBJC_IMPLICIT_RETAIN_SELF = YES;
				CLANG_WARN_OBJC_LITERAL_CONVERSION = YES;
				CLANG_WARN_OBJC_ROOT_CLASS = YES_ERROR;
				CLANG_WARN_QUOTED_INCLUDE_IN_FRAMEWORK_HEADER = YES;
				CLANG_WARN_RANGE_LOOP_ANALYSIS = YES;
				CLANG_WARN_STRICT_PROTOTYPES = YES;
				CLANG_WARN_SUSPICIOUS_MOVE = YES;
				CLANG_WARN_UNGUARDED_AVAILABILITY = YES_AGGRESSIVE;
				CLANG_WARN_UNREACHABLE_CODE = YES;
				CLANG_WARN__DUPLICATE_METHOD_MATCH = YES;
				COPY_PHASE_STRIP = NO;
				DEBUG_INFORMATION_FORMAT = "dwarf-with-dsym";
				ENABLE_NS_ASSERTIONS = NO;
				ENABLE_STRICT_OBJC_MSGSEND = YES;
				GCC_C_LANGUAGE_STANDARD = gnu11;
				GCC_NO_COMMON_BLOCKS = YES;
				GCC_WARN_64_TO_32_BIT_CONVERSION = YES;
				GCC_WARN_ABOUT_RETURN_TYPE = YES_ERROR;
				GCC_WARN_UNDECLARED_SELECTOR = YES;
				GCC_WARN_UNINITIALIZED_AUTOS = YES_AGGRESSIVE;
				GCC_WARN_UNUSED_FUNCTION = YES;
				GCC_WARN_UNUSED_VARIABLE = YES;
				IPHONEOS_DEPLOYMENT_TARGET = 15.4;
				MTL_ENABLE_DEBUG_INFO = NO;
				MTL_FAST_MATH = YES;
				SDKROOT = iphoneos;
				SWIFT_COMPILATION_MODE = wholemodule;
				SWIFT_OPTIMIZATION_LEVEL = "-O";
				VALIDATE_PRODUCT = YES;
			};
			name = Release;
		};
		79318CC5287E539B003B27D9 /* Debug */ = {
			isa = XCBuildConfiguration;
			buildSettings = {
				ASSETCATALOG_COMPILER_APPICON_NAME = AppIcon;
				ASSETCATALOG_COMPILER_GLOBAL_ACCENT_COLOR_NAME = AccentColor;
				CODE_SIGN_STYLE = Automatic;
				CURRENT_PROJECT_VERSION = 1;
				DEVELOPMENT_TEAM = DF85MB57QP;
				GENERATE_INFOPLIST_FILE = YES;
				INFOPLIST_FILE = KBoard/Info.plist;
				INFOPLIST_KEY_UIApplicationSupportsIndirectInputEvents = YES;
				INFOPLIST_KEY_UILaunchStoryboardName = LaunchScreen;
				INFOPLIST_KEY_UIMainStoryboardFile = Main;
				INFOPLIST_KEY_UISupportedInterfaceOrientations_iPad = "UIInterfaceOrientationPortrait UIInterfaceOrientationPortraitUpsideDown UIInterfaceOrientationLandscapeLeft UIInterfaceOrientationLandscapeRight";
				INFOPLIST_KEY_UISupportedInterfaceOrientations_iPhone = "UIInterfaceOrientationPortrait UIInterfaceOrientationLandscapeLeft UIInterfaceOrientationLandscapeRight";
				LD_RUNPATH_SEARCH_PATHS = (
					"$(inherited)",
					"@executable_path/Frameworks",
				);
				MARKETING_VERSION = 1.0;
				PRODUCT_BUNDLE_IDENTIFIER = kyuWorld.KBoard;
				PRODUCT_NAME = "$(TARGET_NAME)";
				SWIFT_EMIT_LOC_STRINGS = YES;
				SWIFT_VERSION = 5.0;
				TARGETED_DEVICE_FAMILY = "1,2";
			};
			name = Debug;
		};
		79318CC6287E539B003B27D9 /* Release */ = {
			isa = XCBuildConfiguration;
			buildSettings = {
				ASSETCATALOG_COMPILER_APPICON_NAME = AppIcon;
				ASSETCATALOG_COMPILER_GLOBAL_ACCENT_COLOR_NAME = AccentColor;
				CODE_SIGN_STYLE = Automatic;
				CURRENT_PROJECT_VERSION = 1;
				DEVELOPMENT_TEAM = DF85MB57QP;
				GENERATE_INFOPLIST_FILE = YES;
				INFOPLIST_FILE = KBoard/Info.plist;
				INFOPLIST_KEY_UIApplicationSupportsIndirectInputEvents = YES;
				INFOPLIST_KEY_UILaunchStoryboardName = LaunchScreen;
				INFOPLIST_KEY_UIMainStoryboardFile = Main;
				INFOPLIST_KEY_UISupportedInterfaceOrientations_iPad = "UIInterfaceOrientationPortrait UIInterfaceOrientationPortraitUpsideDown UIInterfaceOrientationLandscapeLeft UIInterfaceOrientationLandscapeRight";
				INFOPLIST_KEY_UISupportedInterfaceOrientations_iPhone = "UIInterfaceOrientationPortrait UIInterfaceOrientationLandscapeLeft UIInterfaceOrientationLandscapeRight";
				LD_RUNPATH_SEARCH_PATHS = (
					"$(inherited)",
					"@executable_path/Frameworks",
				);
				MARKETING_VERSION = 1.0;
				PRODUCT_BUNDLE_IDENTIFIER = kyuWorld.KBoard;
				PRODUCT_NAME = "$(TARGET_NAME)";
				SWIFT_EMIT_LOC_STRINGS = YES;
				SWIFT_VERSION = 5.0;
				TARGETED_DEVICE_FAMILY = "1,2";
			};
			name = Release;
		};
/* End XCBuildConfiguration section */

/* Begin XCConfigurationList section */
		79318CAB287E539A003B27D9 /* Build configuration list for PBXProject "KBoard" */ = {
			isa = XCConfigurationList;
			buildConfigurations = (
				79318CC2287E539B003B27D9 /* Debug */,
				79318CC3287E539B003B27D9 /* Release */,
			);
			defaultConfigurationIsVisible = 0;
			defaultConfigurationName = Release;
		};
		79318CC4287E539B003B27D9 /* Build configuration list for PBXNativeTarget "KBoard" */ = {
			isa = XCConfigurationList;
			buildConfigurations = (
				79318CC5287E539B003B27D9 /* Debug */,
				79318CC6287E539B003B27D9 /* Release */,
			);
			defaultConfigurationIsVisible = 0;
			defaultConfigurationName = Release;
		};
/* End XCConfigurationList section */
	};
	rootObject = 79318CA8287E539A003B27D9 /* Project object */;
}
