// !$*UTF8*$!
{
	archiveVersion = 1;
	classes = {
	};
	objectVersion = 55;
	objects = {

/* Begin PBXBuildFile section */
		3F24E81A288D14E20092CEC7 /* DictionaryViewController.swift in Sources */ = {isa = PBXBuildFile; fileRef = 3F24E819288D14E20092CEC7 /* DictionaryViewController.swift */; };
		3F24E81C288D15AB0092CEC7 /* WordListView.swift in Sources */ = {isa = PBXBuildFile; fileRef = 3F24E81B288D15AB0092CEC7 /* WordListView.swift */; };
		3F24E81E288D1B1B0092CEC7 /* WordCustomCell.swift in Sources */ = {isa = PBXBuildFile; fileRef = 3F24E81D288D1B1B0092CEC7 /* WordCustomCell.swift */; };
		3F24E869288FA7EA0092CEC7 /* WordModel.swift in Sources */ = {isa = PBXBuildFile; fileRef = 3F24E868288FA7EA0092CEC7 /* WordModel.swift */; };
		3FCDE7622890691200C936D9 /* WordCategoryListView.swift in Sources */ = {isa = PBXBuildFile; fileRef = 3FCDE7612890691200C936D9 /* WordCategoryListView.swift */; };
		3FCDE7642890694A00C936D9 /* CollectionCustomCell.swift in Sources */ = {isa = PBXBuildFile; fileRef = 3FCDE7632890694A00C936D9 /* CollectionCustomCell.swift */; };
		3FCDE76628916FFE00C936D9 /* DictionaryHeaderView.swift in Sources */ = {isa = PBXBuildFile; fileRef = 3FCDE76528916FFE00C936D9 /* DictionaryHeaderView.swift */; };
		3FCDE7682891707600C936D9 /* UpperHeaderView.swift in Sources */ = {isa = PBXBuildFile; fileRef = 3FCDE7672891707600C936D9 /* UpperHeaderView.swift */; };
		791636D42890E559003E8CB6 /* CategoryTableViewCell.swift in Sources */ = {isa = PBXBuildFile; fileRef = 791636D32890E559003E8CB6 /* CategoryTableViewCell.swift */; };
		791636D92890F9A7003E8CB6 /* TabViewController.swift in Sources */ = {isa = PBXBuildFile; fileRef = 791636D82890F9A7003E8CB6 /* TabViewController.swift */; };
		79318CB4287E539A003B27D9 /* AppDelegate.swift in Sources */ = {isa = PBXBuildFile; fileRef = 79318CB3287E539A003B27D9 /* AppDelegate.swift */; };
		79318CB6287E539A003B27D9 /* SceneDelegate.swift in Sources */ = {isa = PBXBuildFile; fileRef = 79318CB5287E539A003B27D9 /* SceneDelegate.swift */; };
		79318CBB287E539A003B27D9 /* Main.storyboard in Resources */ = {isa = PBXBuildFile; fileRef = 79318CB9287E539A003B27D9 /* Main.storyboard */; };
		79318CBD287E539B003B27D9 /* Assets.xcassets in Resources */ = {isa = PBXBuildFile; fileRef = 79318CBC287E539B003B27D9 /* Assets.xcassets */; };
		79318CC0287E539B003B27D9 /* LaunchScreen.storyboard in Resources */ = {isa = PBXBuildFile; fileRef = 79318CBE287E539B003B27D9 /* LaunchScreen.storyboard */; };
		7934B4EA2880207800CF38E9 /* View+Extension.swift in Sources */ = {isa = PBXBuildFile; fileRef = 7934B4E92880207800CF38E9 /* View+Extension.swift */; };
		7934B4EC2880210D00CF38E9 /* Constants.swift in Sources */ = {isa = PBXBuildFile; fileRef = 7934B4EB2880210D00CF38E9 /* Constants.swift */; };
		797A4D6028922C300016C79A /* DataManager.swift in Sources */ = {isa = PBXBuildFile; fileRef = 797A4D5F28922C300016C79A /* DataManager.swift */; };
		797A4D6228922C9C0016C79A /* BoardListViewModel.swift in Sources */ = {isa = PBXBuildFile; fileRef = 797A4D6128922C9C0016C79A /* BoardListViewModel.swift */; };
		797A4D6428922CC60016C79A /* ObservableObject.swift in Sources */ = {isa = PBXBuildFile; fileRef = 797A4D6328922CC60016C79A /* ObservableObject.swift */; };
		797A4D66289259650016C79A /* KPopSlangViewModel.swift in Sources */ = {isa = PBXBuildFile; fileRef = 797A4D65289259650016C79A /* KPopSlangViewModel.swift */; };
		797A4D6C28953A680016C79A /* WordViewModel.swift in Sources */ = {isa = PBXBuildFile; fileRef = 797A4D6B28953A680016C79A /* WordViewModel.swift */; };
		79E659CB288FC3BD00FD54B6 /* CategoryViewController.swift in Sources */ = {isa = PBXBuildFile; fileRef = 79E659CA288FC3BD00FD54B6 /* CategoryViewController.swift */; };
		79E659D12890CB1500FD54B6 /* Color+Extension.swift in Sources */ = {isa = PBXBuildFile; fileRef = 79E659D02890CB1400FD54B6 /* Color+Extension.swift */; };
		79FDFA9A2884E689006A03CB /* .swiftlint.yml in Resources */ = {isa = PBXBuildFile; fileRef = 79FDFA992884E689006A03CB /* .swiftlint.yml */; };
		7B301F4E288FA85900E20AEB /* KBoardData.swift in Sources */ = {isa = PBXBuildFile; fileRef = 7B301F4D288FA85900E20AEB /* KBoardData.swift */; };
		7B301F50288FA93400E20AEB /* CategoryListViewController.swift in Sources */ = {isa = PBXBuildFile; fileRef = 7B301F4F288FA93400E20AEB /* CategoryListViewController.swift */; };
		7B301F52288FA9A900E20AEB /* CustomTableCell.swift in Sources */ = {isa = PBXBuildFile; fileRef = 7B301F51288FA9A900E20AEB /* CustomTableCell.swift */; };
		7B301F54288FA9CA00E20AEB /* AddNewCategory.swift in Sources */ = {isa = PBXBuildFile; fileRef = 7B301F53288FA9CA00E20AEB /* AddNewCategory.swift */; };
		DF0445CC288FA872004AD0FF /* UsageContextView.swift in Sources */ = {isa = PBXBuildFile; fileRef = DF0445C9288FA872004AD0FF /* UsageContextView.swift */; };
		DF0445CD288FA872004AD0FF /* RelatedWordsView.swift in Sources */ = {isa = PBXBuildFile; fileRef = DF0445CA288FA872004AD0FF /* RelatedWordsView.swift */; };
		DF0445CE288FA872004AD0FF /* WordUsageView.swift in Sources */ = {isa = PBXBuildFile; fileRef = DF0445CB288FA872004AD0FF /* WordUsageView.swift */; };
		DF0445D2288FDB9C004AD0FF /* AddCategoryModalViewController.swift in Sources */ = {isa = PBXBuildFile; fileRef = DF0445D1288FDB9C004AD0FF /* AddCategoryModalViewController.swift */; };
		DF5056932886E55700E6F8AA /* AddWordViewController.swift in Sources */ = {isa = PBXBuildFile; fileRef = DF5056922886E55700E6F8AA /* AddWordViewController.swift */; };
		DF50569B288924EA00E6F8AA /* WordDetailViewController.swift in Sources */ = {isa = PBXBuildFile; fileRef = DF50569A288924EA00E6F8AA /* WordDetailViewController.swift */; };
		DF50569D288924F600E6F8AA /* WordDescriptionView.swift in Sources */ = {isa = PBXBuildFile; fileRef = DF50569C288924F600E6F8AA /* WordDescriptionView.swift */; };
		F60B878028904F00000D3CC6 /* Extension.swift in Sources */ = {isa = PBXBuildFile; fileRef = F60B877F28904F00000D3CC6 /* Extension.swift */; };
		F69563ED288FAEAC009A70D5 /* KeyboardViewController.swift in Sources */ = {isa = PBXBuildFile; fileRef = F69563EC288FAEAC009A70D5 /* KeyboardViewController.swift */; };
		F69563F1288FAEAC009A70D5 /* CustomKeyboard.appex in Embed App Extensions */ = {isa = PBXBuildFile; fileRef = F69563EA288FAEAC009A70D5 /* CustomKeyboard.appex */; settings = {ATTRIBUTES = (RemoveHeadersOnCopy, ); }; };
		F6F4B0C82898ECA80066AD44 /* CollectionViewCell.swift in Sources */ = {isa = PBXBuildFile; fileRef = F6F4B0C72898ECA80066AD44 /* CollectionViewCell.swift */; };
/* End PBXBuildFile section */

/* Begin PBXContainerItemProxy section */
		F69563EF288FAEAC009A70D5 /* PBXContainerItemProxy */ = {
			isa = PBXContainerItemProxy;
			containerPortal = 79318CA8287E539A003B27D9 /* Project object */;
			proxyType = 1;
			remoteGlobalIDString = F69563E9288FAEAC009A70D5;
			remoteInfo = CustomKeyboard;
		};
/* End PBXContainerItemProxy section */

/* Begin PBXCopyFilesBuildPhase section */
		F69563F2288FAEAC009A70D5 /* Embed App Extensions */ = {
			isa = PBXCopyFilesBuildPhase;
			buildActionMask = 2147483647;
			dstPath = "";
			dstSubfolderSpec = 13;
			files = (
				F69563F1288FAEAC009A70D5 /* CustomKeyboard.appex in Embed App Extensions */,
			);
			name = "Embed App Extensions";
			runOnlyForDeploymentPostprocessing = 0;
		};
/* End PBXCopyFilesBuildPhase section */

/* Begin PBXFileReference section */
		3F24E819288D14E20092CEC7 /* DictionaryViewController.swift */ = {isa = PBXFileReference; lastKnownFileType = sourcecode.swift; path = DictionaryViewController.swift; sourceTree = "<group>"; };
		3F24E81B288D15AB0092CEC7 /* WordListView.swift */ = {isa = PBXFileReference; lastKnownFileType = sourcecode.swift; path = WordListView.swift; sourceTree = "<group>"; };
		3F24E81D288D1B1B0092CEC7 /* WordCustomCell.swift */ = {isa = PBXFileReference; lastKnownFileType = sourcecode.swift; path = WordCustomCell.swift; sourceTree = "<group>"; };
		3F24E868288FA7EA0092CEC7 /* WordModel.swift */ = {isa = PBXFileReference; lastKnownFileType = sourcecode.swift; path = WordModel.swift; sourceTree = "<group>"; };
		3FCDE7612890691200C936D9 /* WordCategoryListView.swift */ = {isa = PBXFileReference; lastKnownFileType = sourcecode.swift; path = WordCategoryListView.swift; sourceTree = "<group>"; };
		3FCDE7632890694A00C936D9 /* CollectionCustomCell.swift */ = {isa = PBXFileReference; lastKnownFileType = sourcecode.swift; path = CollectionCustomCell.swift; sourceTree = "<group>"; };
		3FCDE76528916FFE00C936D9 /* DictionaryHeaderView.swift */ = {isa = PBXFileReference; lastKnownFileType = sourcecode.swift; path = DictionaryHeaderView.swift; sourceTree = "<group>"; };
		3FCDE7672891707600C936D9 /* UpperHeaderView.swift */ = {isa = PBXFileReference; lastKnownFileType = sourcecode.swift; path = UpperHeaderView.swift; sourceTree = "<group>"; };
		791636D32890E559003E8CB6 /* CategoryTableViewCell.swift */ = {isa = PBXFileReference; lastKnownFileType = sourcecode.swift; path = CategoryTableViewCell.swift; sourceTree = "<group>"; };
		791636D82890F9A7003E8CB6 /* TabViewController.swift */ = {isa = PBXFileReference; fileEncoding = 4; lastKnownFileType = sourcecode.swift; path = TabViewController.swift; sourceTree = "<group>"; };
		79318CB0287E539A003B27D9 /* KBoard.app */ = {isa = PBXFileReference; explicitFileType = wrapper.application; includeInIndex = 0; path = KBoard.app; sourceTree = BUILT_PRODUCTS_DIR; };
		79318CB3287E539A003B27D9 /* AppDelegate.swift */ = {isa = PBXFileReference; lastKnownFileType = sourcecode.swift; path = AppDelegate.swift; sourceTree = "<group>"; };
		79318CB5287E539A003B27D9 /* SceneDelegate.swift */ = {isa = PBXFileReference; lastKnownFileType = sourcecode.swift; path = SceneDelegate.swift; sourceTree = "<group>"; };
		79318CBA287E539A003B27D9 /* Base */ = {isa = PBXFileReference; lastKnownFileType = file.storyboard; name = Base; path = Base.lproj/Main.storyboard; sourceTree = "<group>"; };
		79318CBC287E539B003B27D9 /* Assets.xcassets */ = {isa = PBXFileReference; lastKnownFileType = folder.assetcatalog; path = Assets.xcassets; sourceTree = "<group>"; };
		79318CBF287E539B003B27D9 /* Base */ = {isa = PBXFileReference; lastKnownFileType = file.storyboard; name = Base; path = Base.lproj/LaunchScreen.storyboard; sourceTree = "<group>"; };
		79318CC1287E539B003B27D9 /* Info.plist */ = {isa = PBXFileReference; lastKnownFileType = text.plist.xml; path = Info.plist; sourceTree = "<group>"; };
		7934B4E92880207800CF38E9 /* View+Extension.swift */ = {isa = PBXFileReference; lastKnownFileType = sourcecode.swift; path = "View+Extension.swift"; sourceTree = "<group>"; };
		7934B4EB2880210D00CF38E9 /* Constants.swift */ = {isa = PBXFileReference; lastKnownFileType = sourcecode.swift; path = Constants.swift; sourceTree = "<group>"; };
		797A4D5F28922C300016C79A /* DataManager.swift */ = {isa = PBXFileReference; lastKnownFileType = sourcecode.swift; path = DataManager.swift; sourceTree = "<group>"; };
		797A4D6128922C9C0016C79A /* BoardListViewModel.swift */ = {isa = PBXFileReference; lastKnownFileType = sourcecode.swift; path = BoardListViewModel.swift; sourceTree = "<group>"; };
		797A4D6328922CC60016C79A /* ObservableObject.swift */ = {isa = PBXFileReference; lastKnownFileType = sourcecode.swift; path = ObservableObject.swift; sourceTree = "<group>"; };
		797A4D65289259650016C79A /* KPopSlangViewModel.swift */ = {isa = PBXFileReference; lastKnownFileType = sourcecode.swift; path = KPopSlangViewModel.swift; sourceTree = "<group>"; };
		797A4D6B28953A680016C79A /* WordViewModel.swift */ = {isa = PBXFileReference; lastKnownFileType = sourcecode.swift; path = WordViewModel.swift; sourceTree = "<group>"; };
		79E659CA288FC3BD00FD54B6 /* CategoryViewController.swift */ = {isa = PBXFileReference; lastKnownFileType = sourcecode.swift; path = CategoryViewController.swift; sourceTree = "<group>"; };
		79E659D02890CB1400FD54B6 /* Color+Extension.swift */ = {isa = PBXFileReference; lastKnownFileType = sourcecode.swift; path = "Color+Extension.swift"; sourceTree = "<group>"; };
		79FDFA992884E689006A03CB /* .swiftlint.yml */ = {isa = PBXFileReference; lastKnownFileType = text.yaml; path = .swiftlint.yml; sourceTree = "<group>"; };
		7B301F4D288FA85900E20AEB /* KBoardData.swift */ = {isa = PBXFileReference; lastKnownFileType = sourcecode.swift; path = KBoardData.swift; sourceTree = "<group>"; };
		7B301F4F288FA93400E20AEB /* CategoryListViewController.swift */ = {isa = PBXFileReference; lastKnownFileType = sourcecode.swift; path = CategoryListViewController.swift; sourceTree = "<group>"; };
		7B301F51288FA9A900E20AEB /* CustomTableCell.swift */ = {isa = PBXFileReference; lastKnownFileType = sourcecode.swift; path = CustomTableCell.swift; sourceTree = "<group>"; };
		7B301F53288FA9CA00E20AEB /* AddNewCategory.swift */ = {isa = PBXFileReference; lastKnownFileType = sourcecode.swift; path = AddNewCategory.swift; sourceTree = "<group>"; };
		DF0445C9288FA872004AD0FF /* UsageContextView.swift */ = {isa = PBXFileReference; fileEncoding = 4; lastKnownFileType = sourcecode.swift; path = UsageContextView.swift; sourceTree = "<group>"; };
		DF0445CA288FA872004AD0FF /* RelatedWordsView.swift */ = {isa = PBXFileReference; fileEncoding = 4; lastKnownFileType = sourcecode.swift; path = RelatedWordsView.swift; sourceTree = "<group>"; };
		DF0445CB288FA872004AD0FF /* WordUsageView.swift */ = {isa = PBXFileReference; fileEncoding = 4; lastKnownFileType = sourcecode.swift; path = WordUsageView.swift; sourceTree = "<group>"; };
		DF0445D1288FDB9C004AD0FF /* AddCategoryModalViewController.swift */ = {isa = PBXFileReference; lastKnownFileType = sourcecode.swift; path = AddCategoryModalViewController.swift; sourceTree = "<group>"; };
		DF5056922886E55700E6F8AA /* AddWordViewController.swift */ = {isa = PBXFileReference; lastKnownFileType = sourcecode.swift; path = AddWordViewController.swift; sourceTree = "<group>"; };
		DF50569A288924EA00E6F8AA /* WordDetailViewController.swift */ = {isa = PBXFileReference; fileEncoding = 4; lastKnownFileType = sourcecode.swift; path = WordDetailViewController.swift; sourceTree = "<group>"; };
		DF50569C288924F600E6F8AA /* WordDescriptionView.swift */ = {isa = PBXFileReference; fileEncoding = 4; lastKnownFileType = sourcecode.swift; path = WordDescriptionView.swift; sourceTree = "<group>"; };
		F60B877F28904F00000D3CC6 /* Extension.swift */ = {isa = PBXFileReference; lastKnownFileType = sourcecode.swift; path = Extension.swift; sourceTree = "<group>"; };
		F69563EA288FAEAC009A70D5 /* CustomKeyboard.appex */ = {isa = PBXFileReference; explicitFileType = "wrapper.app-extension"; includeInIndex = 0; path = CustomKeyboard.appex; sourceTree = BUILT_PRODUCTS_DIR; };
		F69563EC288FAEAC009A70D5 /* KeyboardViewController.swift */ = {isa = PBXFileReference; lastKnownFileType = sourcecode.swift; path = KeyboardViewController.swift; sourceTree = "<group>"; };
		F69563EE288FAEAC009A70D5 /* Info.plist */ = {isa = PBXFileReference; lastKnownFileType = text.plist.xml; path = Info.plist; sourceTree = "<group>"; };
		F6F4B0C72898ECA80066AD44 /* CollectionViewCell.swift */ = {isa = PBXFileReference; lastKnownFileType = sourcecode.swift; path = CollectionViewCell.swift; sourceTree = "<group>"; };
/* End PBXFileReference section */

/* Begin PBXFrameworksBuildPhase section */
		79318CAD287E539A003B27D9 /* Frameworks */ = {
			isa = PBXFrameworksBuildPhase;
			buildActionMask = 2147483647;
			files = (
			);
			runOnlyForDeploymentPostprocessing = 0;
		};
		F69563E7288FAEAC009A70D5 /* Frameworks */ = {
			isa = PBXFrameworksBuildPhase;
			buildActionMask = 2147483647;
			files = (
			);
			runOnlyForDeploymentPostprocessing = 0;
		};
/* End PBXFrameworksBuildPhase section */

/* Begin PBXGroup section */
		3FCDE760289068AB00C936D9 /* DictionaryViewUIComponent */ = {
			isa = PBXGroup;
			children = (
				3F24E81B288D15AB0092CEC7 /* WordListView.swift */,
				3F24E81D288D1B1B0092CEC7 /* WordCustomCell.swift */,
				3FCDE7612890691200C936D9 /* WordCategoryListView.swift */,
				3FCDE7632890694A00C936D9 /* CollectionCustomCell.swift */,
				3FCDE76528916FFE00C936D9 /* DictionaryHeaderView.swift */,
				3FCDE7672891707600C936D9 /* UpperHeaderView.swift */,
			);
			path = DictionaryViewUIComponent;
			sourceTree = "<group>";
		};
		791636D52890E7DD003E8CB6 /* KPopSlang */ = {
			isa = PBXGroup;
			children = (
				3F24E819288D14E20092CEC7 /* DictionaryViewController.swift */,
			);
			path = KPopSlang;
			sourceTree = "<group>";
		};
		791636D62890E81F003E8CB6 /* KPopSlang */ = {
			isa = PBXGroup;
			children = (
				3FCDE760289068AB00C936D9 /* DictionaryViewUIComponent */,
			);
			path = KPopSlang;
			sourceTree = "<group>";
		};
		791636D72890E820003E8CB6 /* MyBoard */ = {
			isa = PBXGroup;
			children = (
				791636D32890E559003E8CB6 /* CategoryTableViewCell.swift */,
				7B301F51288FA9A900E20AEB /* CustomTableCell.swift */,
				7B301F53288FA9CA00E20AEB /* AddNewCategory.swift */,
			);
			path = MyBoard;
			sourceTree = "<group>";
		};
		79318CA7287E539A003B27D9 = {
			isa = PBXGroup;
			children = (
				79318CB2287E539A003B27D9 /* KBoard */,
				F69563EB288FAEAC009A70D5 /* CustomKeyboard */,
				79318CB1287E539A003B27D9 /* Products */,
			);
			sourceTree = "<group>";
		};
		79318CB1287E539A003B27D9 /* Products */ = {
			isa = PBXGroup;
			children = (
				79318CB0287E539A003B27D9 /* KBoard.app */,
				F69563EA288FAEAC009A70D5 /* CustomKeyboard.appex */,
			);
			name = Products;
			sourceTree = "<group>";
		};
		79318CB2287E539A003B27D9 /* KBoard */ = {
			isa = PBXGroup;
			children = (
				79318CC1287E539B003B27D9 /* Info.plist */,
				79F801FD28801CDB00D3A172 /* SupportFiles */,
				79F801FC28801CAD00D3A172 /* Utils */,
				79F801FB28801C5A00D3A172 /* Service */,
				79F801F728801C5400D3A172 /* ViewModel */,
				79F801FA28801C5900D3A172 /* View */,
				79F801F928801C5800D3A172 /* Controller */,
				79F801F628801C4F00D3A172 /* Model */,
				79FDFA992884E689006A03CB /* .swiftlint.yml */,
			);
			path = KBoard;
			sourceTree = "<group>";
		};
		7934B4E82880205300CF38E9 /* Extension */ = {
			isa = PBXGroup;
			children = (
				7934B4E92880207800CF38E9 /* View+Extension.swift */,
				79E659D02890CB1400FD54B6 /* Color+Extension.swift */,
			);
			path = Extension;
			sourceTree = "<group>";
		};
		79E659C9288FC32900FD54B6 /* MyBoard */ = {
			isa = PBXGroup;
			children = (
				79E659CA288FC3BD00FD54B6 /* CategoryViewController.swift */,
				DF5056922886E55700E6F8AA /* AddWordViewController.swift */,
				7B301F4F288FA93400E20AEB /* CategoryListViewController.swift */,
				DF0445D1288FDB9C004AD0FF /* AddCategoryModalViewController.swift */,
			);
			path = MyBoard;
			sourceTree = "<group>";
		};
		79F801F628801C4F00D3A172 /* Model */ = {
			isa = PBXGroup;
			children = (
				7B301F4D288FA85900E20AEB /* KBoardData.swift */,
				3F24E868288FA7EA0092CEC7 /* WordModel.swift */,
				797A4D6328922CC60016C79A /* ObservableObject.swift */,
			);
			path = Model;
			sourceTree = "<group>";
		};
		79F801F728801C5400D3A172 /* ViewModel */ = {
			isa = PBXGroup;
			children = (
				797A4D6128922C9C0016C79A /* BoardListViewModel.swift */,
				797A4D65289259650016C79A /* KPopSlangViewModel.swift */,
				797A4D6B28953A680016C79A /* WordViewModel.swift */,
			);
			path = ViewModel;
			sourceTree = "<group>";
		};
		79F801F928801C5800D3A172 /* Controller */ = {
			isa = PBXGroup;
			children = (
				791636D82890F9A7003E8CB6 /* TabViewController.swift */,
				79E659C9288FC32900FD54B6 /* MyBoard */,
				791636D52890E7DD003E8CB6 /* KPopSlang */,
				DF50569A288924EA00E6F8AA /* WordDetailViewController.swift */,
			);
			path = Controller;
			sourceTree = "<group>";
		};
		79F801FA28801C5900D3A172 /* View */ = {
			isa = PBXGroup;
			children = (
				791636D72890E820003E8CB6 /* MyBoard */,
				791636D62890E81F003E8CB6 /* KPopSlang */,
				DF50569E2889252100E6F8AA /* WordDetailViewUIComponent */,
			);
			path = View;
			sourceTree = "<group>";
		};
		79F801FB28801C5A00D3A172 /* Service */ = {
			isa = PBXGroup;
			children = (
				797A4D5F28922C300016C79A /* DataManager.swift */,
			);
			path = Service;
			sourceTree = "<group>";
		};
		79F801FC28801CAD00D3A172 /* Utils */ = {
			isa = PBXGroup;
			children = (
				7934B4E82880205300CF38E9 /* Extension */,
				7934B4EB2880210D00CF38E9 /* Constants.swift */,
			);
			path = Utils;
			sourceTree = "<group>";
		};
		79F801FD28801CDB00D3A172 /* SupportFiles */ = {
			isa = PBXGroup;
			children = (
				79318CB3287E539A003B27D9 /* AppDelegate.swift */,
				79318CB5287E539A003B27D9 /* SceneDelegate.swift */,
				79318CB9287E539A003B27D9 /* Main.storyboard */,
				79318CBC287E539B003B27D9 /* Assets.xcassets */,
				79318CBE287E539B003B27D9 /* LaunchScreen.storyboard */,
			);
			path = SupportFiles;
			sourceTree = "<group>";
		};
		DF50569E2889252100E6F8AA /* WordDetailViewUIComponent */ = {
			isa = PBXGroup;
			children = (
				DF50569C288924F600E6F8AA /* WordDescriptionView.swift */,
				DF0445CA288FA872004AD0FF /* RelatedWordsView.swift */,
				DF0445C9288FA872004AD0FF /* UsageContextView.swift */,
				DF0445CB288FA872004AD0FF /* WordUsageView.swift */,
			);
			path = WordDetailViewUIComponent;
			sourceTree = "<group>";
		};
		F69563EB288FAEAC009A70D5 /* CustomKeyboard */ = {
			isa = PBXGroup;
			children = (
				F69563EC288FAEAC009A70D5 /* KeyboardViewController.swift */,
				F6F4B0C72898ECA80066AD44 /* CollectionViewCell.swift */,
				F60B877F28904F00000D3CC6 /* Extension.swift */,
				F69563EE288FAEAC009A70D5 /* Info.plist */,
			);
			path = CustomKeyboard;
			sourceTree = "<group>";
		};
/* End PBXGroup section */

/* Begin PBXNativeTarget section */
		79318CAF287E539A003B27D9 /* KBoard */ = {
			isa = PBXNativeTarget;
			buildConfigurationList = 79318CC4287E539B003B27D9 /* Build configuration list for PBXNativeTarget "KBoard" */;
			buildPhases = (
				79318CAC287E539A003B27D9 /* Sources */,
				79318CAD287E539A003B27D9 /* Frameworks */,
				79318CAE287E539A003B27D9 /* Resources */,
				79A36C8C2884DDFD00F528D3 /* SwiftLint Script */,
				F69563F2288FAEAC009A70D5 /* Embed App Extensions */,
			);
			buildRules = (
			);
			dependencies = (
				F69563F0288FAEAC009A70D5 /* PBXTargetDependency */,
			);
			name = KBoard;
			productName = KBoard;
			productReference = 79318CB0287E539A003B27D9 /* KBoard.app */;
			productType = "com.apple.product-type.application";
		};
		F69563E9288FAEAC009A70D5 /* CustomKeyboard */ = {
			isa = PBXNativeTarget;
			buildConfigurationList = F69563F5288FAEAC009A70D5 /* Build configuration list for PBXNativeTarget "CustomKeyboard" */;
			buildPhases = (
				F69563E6288FAEAC009A70D5 /* Sources */,
				F69563E7288FAEAC009A70D5 /* Frameworks */,
				F69563E8288FAEAC009A70D5 /* Resources */,
			);
			buildRules = (
			);
			dependencies = (
			);
			name = CustomKeyboard;
			productName = CustomKeyboard;
			productReference = F69563EA288FAEAC009A70D5 /* CustomKeyboard.appex */;
			productType = "com.apple.product-type.app-extension";
		};
/* End PBXNativeTarget section */

/* Begin PBXProject section */
		79318CA8287E539A003B27D9 /* Project object */ = {
			isa = PBXProject;
			attributes = {
				BuildIndependentTargetsInParallel = 1;
				LastSwiftUpdateCheck = 1340;
				LastUpgradeCheck = 1330;
				TargetAttributes = {
					79318CAF287E539A003B27D9 = {
						CreatedOnToolsVersion = 13.3.1;
					};
					F69563E9288FAEAC009A70D5 = {
						CreatedOnToolsVersion = 13.4.1;
					};
				};
			};
			buildConfigurationList = 79318CAB287E539A003B27D9 /* Build configuration list for PBXProject "KBoard" */;
			compatibilityVersion = "Xcode 13.0";
			developmentRegion = en;
			hasScannedForEncodings = 0;
			knownRegions = (
				en,
				Base,
			);
			mainGroup = 79318CA7287E539A003B27D9;
			productRefGroup = 79318CB1287E539A003B27D9 /* Products */;
			projectDirPath = "";
			projectRoot = "";
			targets = (
				79318CAF287E539A003B27D9 /* KBoard */,
				F69563E9288FAEAC009A70D5 /* CustomKeyboard */,
			);
		};
/* End PBXProject section */

/* Begin PBXResourcesBuildPhase section */
		79318CAE287E539A003B27D9 /* Resources */ = {
			isa = PBXResourcesBuildPhase;
			buildActionMask = 2147483647;
			files = (
				79FDFA9A2884E689006A03CB /* .swiftlint.yml in Resources */,
				79318CC0287E539B003B27D9 /* LaunchScreen.storyboard in Resources */,
				79318CBD287E539B003B27D9 /* Assets.xcassets in Resources */,
				79318CBB287E539A003B27D9 /* Main.storyboard in Resources */,
			);
			runOnlyForDeploymentPostprocessing = 0;
		};
		F69563E8288FAEAC009A70D5 /* Resources */ = {
			isa = PBXResourcesBuildPhase;
			buildActionMask = 2147483647;
			files = (
			);
			runOnlyForDeploymentPostprocessing = 0;
		};
/* End PBXResourcesBuildPhase section */

/* Begin PBXShellScriptBuildPhase section */
		79A36C8C2884DDFD00F528D3 /* SwiftLint Script */ = {
			isa = PBXShellScriptBuildPhase;
			buildActionMask = 2147483647;
			files = (
			);
			inputFileListPaths = (
			);
			inputPaths = (
			);
			name = "SwiftLint Script";
			outputFileListPaths = (
			);
			outputPaths = (
			);
			runOnlyForDeploymentPostprocessing = 0;
			shellPath = /bin/sh;
			shellScript = "export PATH=\"$PATH:/opt/homebrew/bin\"\n\nif which swiftlint; then\n    swiftlint autocorrect && swiftlint\nelse\n  echo \"warning: SwiftLint not installed, download from https://github.com/realm/SwiftLint\"\nfi\n";
		};
/* End PBXShellScriptBuildPhase section */

/* Begin PBXSourcesBuildPhase section */
		79318CAC287E539A003B27D9 /* Sources */ = {
			isa = PBXSourcesBuildPhase;
			buildActionMask = 2147483647;
			files = (
				79E659CB288FC3BD00FD54B6 /* CategoryViewController.swift in Sources */,
				3F24E81C288D15AB0092CEC7 /* WordListView.swift in Sources */,
				7B301F50288FA93400E20AEB /* CategoryListViewController.swift in Sources */,
				3FCDE76628916FFE00C936D9 /* DictionaryHeaderView.swift in Sources */,
				DF0445CD288FA872004AD0FF /* RelatedWordsView.swift in Sources */,
				797A4D6428922CC60016C79A /* ObservableObject.swift in Sources */,
				791636D92890F9A7003E8CB6 /* TabViewController.swift in Sources */,
				797A4D6228922C9C0016C79A /* BoardListViewModel.swift in Sources */,
				7934B4EC2880210D00CF38E9 /* Constants.swift in Sources */,
				DF0445CC288FA872004AD0FF /* UsageContextView.swift in Sources */,
				791636D42890E559003E8CB6 /* CategoryTableViewCell.swift in Sources */,
				DF0445D2288FDB9C004AD0FF /* AddCategoryModalViewController.swift in Sources */,
				DF5056932886E55700E6F8AA /* AddWordViewController.swift in Sources */,
				79E659D12890CB1500FD54B6 /* Color+Extension.swift in Sources */,
				797A4D66289259650016C79A /* KPopSlangViewModel.swift in Sources */,
				3FCDE7642890694A00C936D9 /* CollectionCustomCell.swift in Sources */,
				7B301F4E288FA85900E20AEB /* KBoardData.swift in Sources */,
				3F24E81E288D1B1B0092CEC7 /* WordCustomCell.swift in Sources */,
				79318CB4287E539A003B27D9 /* AppDelegate.swift in Sources */,
				7934B4EA2880207800CF38E9 /* View+Extension.swift in Sources */,
				797A4D6028922C300016C79A /* DataManager.swift in Sources */,
				3F24E869288FA7EA0092CEC7 /* WordModel.swift in Sources */,
				797A4D6C28953A680016C79A /* WordViewModel.swift in Sources */,
				3F24E81A288D14E20092CEC7 /* DictionaryViewController.swift in Sources */,
				DF0445CE288FA872004AD0FF /* WordUsageView.swift in Sources */,
				3FCDE7682891707600C936D9 /* UpperHeaderView.swift in Sources */,
				3FCDE7622890691200C936D9 /* WordCategoryListView.swift in Sources */,
				79318CB6287E539A003B27D9 /* SceneDelegate.swift in Sources */,
				7B301F54288FA9CA00E20AEB /* AddNewCategory.swift in Sources */,
				DF50569D288924F600E6F8AA /* WordDescriptionView.swift in Sources */,
				DF50569B288924EA00E6F8AA /* WordDetailViewController.swift in Sources */,
				7B301F52288FA9A900E20AEB /* CustomTableCell.swift in Sources */,
			);
			runOnlyForDeploymentPostprocessing = 0;
		};
		F69563E6288FAEAC009A70D5 /* Sources */ = {
			isa = PBXSourcesBuildPhase;
			buildActionMask = 2147483647;
			files = (
				F69563ED288FAEAC009A70D5 /* KeyboardViewController.swift in Sources */,
				F60B878028904F00000D3CC6 /* Extension.swift in Sources */,
				F6F4B0C82898ECA80066AD44 /* CollectionViewCell.swift in Sources */,
			);
			runOnlyForDeploymentPostprocessing = 0;
		};
/* End PBXSourcesBuildPhase section */

/* Begin PBXTargetDependency section */
		F69563F0288FAEAC009A70D5 /* PBXTargetDependency */ = {
			isa = PBXTargetDependency;
			target = F69563E9288FAEAC009A70D5 /* CustomKeyboard */;
			targetProxy = F69563EF288FAEAC009A70D5 /* PBXContainerItemProxy */;
		};
/* End PBXTargetDependency section */

/* Begin PBXVariantGroup section */
		79318CB9287E539A003B27D9 /* Main.storyboard */ = {
			isa = PBXVariantGroup;
			children = (
				79318CBA287E539A003B27D9 /* Base */,
			);
			name = Main.storyboard;
			sourceTree = "<group>";
		};
		79318CBE287E539B003B27D9 /* LaunchScreen.storyboard */ = {
			isa = PBXVariantGroup;
			children = (
				79318CBF287E539B003B27D9 /* Base */,
			);
			name = LaunchScreen.storyboard;
			sourceTree = "<group>";
		};
/* End PBXVariantGroup section */

/* Begin XCBuildConfiguration section */
		79318CC2287E539B003B27D9 /* Debug */ = {
			isa = XCBuildConfiguration;
			buildSettings = {
				ALWAYS_SEARCH_USER_PATHS = NO;
				CLANG_ANALYZER_NONNULL = YES;
				CLANG_ANALYZER_NUMBER_OBJECT_CONVERSION = YES_AGGRESSIVE;
				CLANG_CXX_LANGUAGE_STANDARD = "gnu++17";
				CLANG_ENABLE_MODULES = YES;
				CLANG_ENABLE_OBJC_ARC = YES;
				CLANG_ENABLE_OBJC_WEAK = YES;
				CLANG_WARN_BLOCK_CAPTURE_AUTORELEASING = YES;
				CLANG_WARN_BOOL_CONVERSION = YES;
				CLANG_WARN_COMMA = YES;
				CLANG_WARN_CONSTANT_CONVERSION = YES;
				CLANG_WARN_DEPRECATED_OBJC_IMPLEMENTATIONS = YES;
				CLANG_WARN_DIRECT_OBJC_ISA_USAGE = YES_ERROR;
				CLANG_WARN_DOCUMENTATION_COMMENTS = YES;
				CLANG_WARN_EMPTY_BODY = YES;
				CLANG_WARN_ENUM_CONVERSION = YES;
				CLANG_WARN_INFINITE_RECURSION = YES;
				CLANG_WARN_INT_CONVERSION = YES;
				CLANG_WARN_NON_LITERAL_NULL_CONVERSION = YES;
				CLANG_WARN_OBJC_IMPLICIT_RETAIN_SELF = YES;
				CLANG_WARN_OBJC_LITERAL_CONVERSION = YES;
				CLANG_WARN_OBJC_ROOT_CLASS = YES_ERROR;
				CLANG_WARN_QUOTED_INCLUDE_IN_FRAMEWORK_HEADER = YES;
				CLANG_WARN_RANGE_LOOP_ANALYSIS = YES;
				CLANG_WARN_STRICT_PROTOTYPES = YES;
				CLANG_WARN_SUSPICIOUS_MOVE = YES;
				CLANG_WARN_UNGUARDED_AVAILABILITY = YES_AGGRESSIVE;
				CLANG_WARN_UNREACHABLE_CODE = YES;
				CLANG_WARN__DUPLICATE_METHOD_MATCH = YES;
				COPY_PHASE_STRIP = NO;
				DEBUG_INFORMATION_FORMAT = dwarf;
				ENABLE_STRICT_OBJC_MSGSEND = YES;
				ENABLE_TESTABILITY = YES;
				GCC_C_LANGUAGE_STANDARD = gnu11;
				GCC_DYNAMIC_NO_PIC = NO;
				GCC_NO_COMMON_BLOCKS = YES;
				GCC_OPTIMIZATION_LEVEL = 0;
				GCC_PREPROCESSOR_DEFINITIONS = (
					"DEBUG=1",
					"$(inherited)",
				);
				GCC_WARN_64_TO_32_BIT_CONVERSION = YES;
				GCC_WARN_ABOUT_RETURN_TYPE = YES_ERROR;
				GCC_WARN_UNDECLARED_SELECTOR = YES;
				GCC_WARN_UNINITIALIZED_AUTOS = YES_AGGRESSIVE;
				GCC_WARN_UNUSED_FUNCTION = YES;
				GCC_WARN_UNUSED_VARIABLE = YES;
				IPHONEOS_DEPLOYMENT_TARGET = 15.4;
				MTL_ENABLE_DEBUG_INFO = INCLUDE_SOURCE;
				MTL_FAST_MATH = YES;
				ONLY_ACTIVE_ARCH = YES;
				SDKROOT = iphoneos;
				SWIFT_ACTIVE_COMPILATION_CONDITIONS = DEBUG;
				SWIFT_OPTIMIZATION_LEVEL = "-Onone";
			};
			name = Debug;
		};
		79318CC3287E539B003B27D9 /* Release */ = {
			isa = XCBuildConfiguration;
			buildSettings = {
				ALWAYS_SEARCH_USER_PATHS = NO;
				CLANG_ANALYZER_NONNULL = YES;
				CLANG_ANALYZER_NUMBER_OBJECT_CONVERSION = YES_AGGRESSIVE;
				CLANG_CXX_LANGUAGE_STANDARD = "gnu++17";
				CLANG_ENABLE_MODULES = YES;
				CLANG_ENABLE_OBJC_ARC = YES;
				CLANG_ENABLE_OBJC_WEAK = YES;
				CLANG_WARN_BLOCK_CAPTURE_AUTORELEASING = YES;
				CLANG_WARN_BOOL_CONVERSION = YES;
				CLANG_WARN_COMMA = YES;
				CLANG_WARN_CONSTANT_CONVERSION = YES;
				CLANG_WARN_DEPRECATED_OBJC_IMPLEMENTATIONS = YES;
				CLANG_WARN_DIRECT_OBJC_ISA_USAGE = YES_ERROR;
				CLANG_WARN_DOCUMENTATION_COMMENTS = YES;
				CLANG_WARN_EMPTY_BODY = YES;
				CLANG_WARN_ENUM_CONVERSION = YES;
				CLANG_WARN_INFINITE_RECURSION = YES;
				CLANG_WARN_INT_CONVERSION = YES;
				CLANG_WARN_NON_LITERAL_NULL_CONVERSION = YES;
				CLANG_WARN_OBJC_IMPLICIT_RETAIN_SELF = YES;
				CLANG_WARN_OBJC_LITERAL_CONVERSION = YES;
				CLANG_WARN_OBJC_ROOT_CLASS = YES_ERROR;
				CLANG_WARN_QUOTED_INCLUDE_IN_FRAMEWORK_HEADER = YES;
				CLANG_WARN_RANGE_LOOP_ANALYSIS = YES;
				CLANG_WARN_STRICT_PROTOTYPES = YES;
				CLANG_WARN_SUSPICIOUS_MOVE = YES;
				CLANG_WARN_UNGUARDED_AVAILABILITY = YES_AGGRESSIVE;
				CLANG_WARN_UNREACHABLE_CODE = YES;
				CLANG_WARN__DUPLICATE_METHOD_MATCH = YES;
				COPY_PHASE_STRIP = NO;
				DEBUG_INFORMATION_FORMAT = "dwarf-with-dsym";
				ENABLE_NS_ASSERTIONS = NO;
				ENABLE_STRICT_OBJC_MSGSEND = YES;
				GCC_C_LANGUAGE_STANDARD = gnu11;
				GCC_NO_COMMON_BLOCKS = YES;
				GCC_WARN_64_TO_32_BIT_CONVERSION = YES;
				GCC_WARN_ABOUT_RETURN_TYPE = YES_ERROR;
				GCC_WARN_UNDECLARED_SELECTOR = YES;
				GCC_WARN_UNINITIALIZED_AUTOS = YES_AGGRESSIVE;
				GCC_WARN_UNUSED_FUNCTION = YES;
				GCC_WARN_UNUSED_VARIABLE = YES;
				IPHONEOS_DEPLOYMENT_TARGET = 15.4;
				MTL_ENABLE_DEBUG_INFO = NO;
				MTL_FAST_MATH = YES;
				SDKROOT = iphoneos;
				SWIFT_COMPILATION_MODE = wholemodule;
				SWIFT_OPTIMIZATION_LEVEL = "-O";
				VALIDATE_PRODUCT = YES;
			};
			name = Release;
		};
		79318CC5287E539B003B27D9 /* Debug */ = {
			isa = XCBuildConfiguration;
			buildSettings = {
				ALWAYS_EMBED_SWIFT_STANDARD_LIBRARIES = YES;
				ASSETCATALOG_COMPILER_APPICON_NAME = AppIcon;
				ASSETCATALOG_COMPILER_GLOBAL_ACCENT_COLOR_NAME = AccentColor;
				CODE_SIGN_STYLE = Automatic;
				CURRENT_PROJECT_VERSION = 1;
				DEVELOPMENT_TEAM = DF85MB57QP;
				GENERATE_INFOPLIST_FILE = YES;
				INFOPLIST_FILE = KBoard/Info.plist;
				INFOPLIST_KEY_UIApplicationSupportsIndirectInputEvents = YES;
				INFOPLIST_KEY_UILaunchStoryboardName = LaunchScreen;
				INFOPLIST_KEY_UIMainStoryboardFile = Main;
				INFOPLIST_KEY_UISupportedInterfaceOrientations_iPad = "UIInterfaceOrientationPortrait UIInterfaceOrientationPortraitUpsideDown UIInterfaceOrientationLandscapeLeft UIInterfaceOrientationLandscapeRight";
				INFOPLIST_KEY_UISupportedInterfaceOrientations_iPhone = "UIInterfaceOrientationPortrait UIInterfaceOrientationLandscapeLeft UIInterfaceOrientationLandscapeRight";
				LD_RUNPATH_SEARCH_PATHS = (
					"$(inherited)",
					"@executable_path/Frameworks",
				);
				MARKETING_VERSION = 1.0;
				PRODUCT_BUNDLE_IDENTIFIER = kyuWorld.KBoard;
				PRODUCT_NAME = "$(TARGET_NAME)";
				SWIFT_EMIT_LOC_STRINGS = YES;
				SWIFT_VERSION = 5.0;
				TARGETED_DEVICE_FAMILY = "1,2";
			};
			name = Debug;
		};
		79318CC6287E539B003B27D9 /* Release */ = {
			isa = XCBuildConfiguration;
			buildSettings = {
				ALWAYS_EMBED_SWIFT_STANDARD_LIBRARIES = YES;
				ASSETCATALOG_COMPILER_APPICON_NAME = AppIcon;
				ASSETCATALOG_COMPILER_GLOBAL_ACCENT_COLOR_NAME = AccentColor;
				CODE_SIGN_STYLE = Automatic;
				CURRENT_PROJECT_VERSION = 1;
				DEVELOPMENT_TEAM = DF85MB57QP;
				GENERATE_INFOPLIST_FILE = YES;
				INFOPLIST_FILE = KBoard/Info.plist;
				INFOPLIST_KEY_UIApplicationSupportsIndirectInputEvents = YES;
				INFOPLIST_KEY_UILaunchStoryboardName = LaunchScreen;
				INFOPLIST_KEY_UIMainStoryboardFile = Main;
				INFOPLIST_KEY_UISupportedInterfaceOrientations_iPad = "UIInterfaceOrientationPortrait UIInterfaceOrientationPortraitUpsideDown UIInterfaceOrientationLandscapeLeft UIInterfaceOrientationLandscapeRight";
				INFOPLIST_KEY_UISupportedInterfaceOrientations_iPhone = "UIInterfaceOrientationPortrait UIInterfaceOrientationLandscapeLeft UIInterfaceOrientationLandscapeRight";
				LD_RUNPATH_SEARCH_PATHS = (
					"$(inherited)",
					"@executable_path/Frameworks",
				);
				MARKETING_VERSION = 1.0;
				PRODUCT_BUNDLE_IDENTIFIER = kyuWorld.KBoard;
				PRODUCT_NAME = "$(TARGET_NAME)";
				SWIFT_EMIT_LOC_STRINGS = YES;
				SWIFT_VERSION = 5.0;
				TARGETED_DEVICE_FAMILY = "1,2";
			};
			name = Release;
		};
		F69563F3288FAEAC009A70D5 /* Debug */ = {
			isa = XCBuildConfiguration;
			buildSettings = {
				CODE_SIGN_STYLE = Automatic;
				CURRENT_PROJECT_VERSION = 1;
				DEVELOPMENT_TEAM = DF85MB57QP;
				GENERATE_INFOPLIST_FILE = YES;
				INFOPLIST_FILE = CustomKeyboard/Info.plist;
				INFOPLIST_KEY_CFBundleDisplayName = CustomKeyboard;
				INFOPLIST_KEY_NSHumanReadableCopyright = "";
				IPHONEOS_DEPLOYMENT_TARGET = 15.5;
				LD_RUNPATH_SEARCH_PATHS = (
					"$(inherited)",
					"@executable_path/Frameworks",
					"@executable_path/../../Frameworks",
				);
				MARKETING_VERSION = 1.0;
				PRODUCT_BUNDLE_IDENTIFIER = kyuWorld.KBoard.CustomKeyboard;
				PRODUCT_NAME = "$(TARGET_NAME)";
				SKIP_INSTALL = YES;
				SWIFT_EMIT_LOC_STRINGS = YES;
				SWIFT_VERSION = 5.0;
				TARGETED_DEVICE_FAMILY = "1,2";
			};
			name = Debug;
		};
		F69563F4288FAEAC009A70D5 /* Release */ = {
			isa = XCBuildConfiguration;
			buildSettings = {
				CODE_SIGN_STYLE = Automatic;
				CURRENT_PROJECT_VERSION = 1;
				DEVELOPMENT_TEAM = DF85MB57QP;
				GENERATE_INFOPLIST_FILE = YES;
				INFOPLIST_FILE = CustomKeyboard/Info.plist;
				INFOPLIST_KEY_CFBundleDisplayName = CustomKeyboard;
				INFOPLIST_KEY_NSHumanReadableCopyright = "";
				IPHONEOS_DEPLOYMENT_TARGET = 15.5;
				LD_RUNPATH_SEARCH_PATHS = (
					"$(inherited)",
					"@executable_path/Frameworks",
					"@executable_path/../../Frameworks",
				);
				MARKETING_VERSION = 1.0;
				PRODUCT_BUNDLE_IDENTIFIER = kyuWorld.KBoard.CustomKeyboard;
				PRODUCT_NAME = "$(TARGET_NAME)";
				SKIP_INSTALL = YES;
				SWIFT_EMIT_LOC_STRINGS = YES;
				SWIFT_VERSION = 5.0;
				TARGETED_DEVICE_FAMILY = "1,2";
			};
			name = Release;
		};
/* End XCBuildConfiguration section */

/* Begin XCConfigurationList section */
		79318CAB287E539A003B27D9 /* Build configuration list for PBXProject "KBoard" */ = {
			isa = XCConfigurationList;
			buildConfigurations = (
				79318CC2287E539B003B27D9 /* Debug */,
				79318CC3287E539B003B27D9 /* Release */,
			);
			defaultConfigurationIsVisible = 0;
			defaultConfigurationName = Release;
		};
		79318CC4287E539B003B27D9 /* Build configuration list for PBXNativeTarget "KBoard" */ = {
			isa = XCConfigurationList;
			buildConfigurations = (
				79318CC5287E539B003B27D9 /* Debug */,
				79318CC6287E539B003B27D9 /* Release */,
			);
			defaultConfigurationIsVisible = 0;
			defaultConfigurationName = Release;
		};
		F69563F5288FAEAC009A70D5 /* Build configuration list for PBXNativeTarget "CustomKeyboard" */ = {
			isa = XCConfigurationList;
			buildConfigurations = (
				F69563F3288FAEAC009A70D5 /* Debug */,
				F69563F4288FAEAC009A70D5 /* Release */,
			);
			defaultConfigurationIsVisible = 0;
			defaultConfigurationName = Release;
		};
/* End XCConfigurationList section */
	};
	rootObject = 79318CA8287E539A003B27D9 /* Project object */;
}
